{
  "object": {
    "pins": [
      {
        "package": "NDImageManager",
        "repositoryURL": "https://github.com/neone/NDImageManager.git",
        "state": {
          "branch": "master",
          "revision": "592b3319ee96c376537fb37ffb5b1aaf334cbcbc",
          "version": null
        }
      }
    ]
  },
  "version": 1
}
