// !$*UTF8*$!
{
	archiveVersion = 1;
	classes = {
	};
	objectVersion = 50;
	objects = {

/* Begin PBXBuildFile section */
		D962B11323D1F03100FC5386 /* AppDelegate.swift in Sources */ = {isa = PBXBuildFile; fileRef = D962B11223D1F03100FC5386 /* AppDelegate.swift */; };
		D962B11523D1F03100FC5386 /* SceneDelegate.swift in Sources */ = {isa = PBXBuildFile; fileRef = D962B11423D1F03100FC5386 /* SceneDelegate.swift */; };
		D962B11723D1F03100FC5386 /* ViewController.swift in Sources */ = {isa = PBXBuildFile; fileRef = D962B11623D1F03100FC5386 /* ViewController.swift */; };
		D962B11A23D1F03100FC5386 /* Main.storyboard in Resources */ = {isa = PBXBuildFile; fileRef = D962B11823D1F03100FC5386 /* Main.storyboard */; };
		D962B11C23D1F03200FC5386 /* Assets.xcassets in Resources */ = {isa = PBXBuildFile; fileRef = D962B11B23D1F03200FC5386 /* Assets.xcassets */; };
		D962B11F23D1F03200FC5386 /* LaunchScreen.storyboard in Resources */ = {isa = PBXBuildFile; fileRef = D962B11D23D1F03200FC5386 /* LaunchScreen.storyboard */; };
/* End PBXBuildFile section */

/* Begin PBXFileReference section */
		D962B10F23D1F03100FC5386 /* NDImagePicker.app */ = {isa = PBXFileReference; explicitFileType = wrapper.application; includeInIndex = 0; path = NDImagePicker.app; sourceTree = BUILT_PRODUCTS_DIR; };
		D962B11223D1F03100FC5386 /* AppDelegate.swift */ = {isa = PBXFileReference; lastKnownFileType = sourcecode.swift; path = AppDelegate.swift; sourceTree = "<group>"; };
		D962B11423D1F03100FC5386 /* SceneDelegate.swift */ = {isa = PBXFileReference; lastKnownFileType = sourcecode.swift; path = SceneDelegate.swift; sourceTree = "<group>"; };
		D962B11623D1F03100FC5386 /* ViewController.swift */ = {isa = PBXFileReference; lastKnownFileType = sourcecode.swift; path = ViewController.swift; sourceTree = "<group>"; };
		D962B11923D1F03100FC5386 /* Base */ = {isa = PBXFileReference; lastKnownFileType = file.storyboard; name = Base; path = Base.lproj/Main.storyboard; sourceTree = "<group>"; };
		D962B11B23D1F03200FC5386 /* Assets.xcassets */ = {isa = PBXFileReference; lastKnownFileType = folder.assetcatalog; path = Assets.xcassets; sourceTree = "<group>"; };
		D962B11E23D1F03200FC5386 /* Base */ = {isa = PBXFileReference; lastKnownFileType = file.storyboard; name = Base; path = Base.lproj/LaunchScreen.storyboard; sourceTree = "<group>"; };
		D962B12023D1F03200FC5386 /* Info.plist */ = {isa = PBXFileReference; lastKnownFileType = text.plist.xml; path = Info.plist; sourceTree = "<group>"; };
		D962B12723D1F45E00FC5386 /* UIViewX.swift */ = {isa = PBXFileReference; lastKnownFileType = sourcecode.swift; path = UIViewX.swift; sourceTree = "<group>"; };
/* End PBXFileReference section */

/* Begin PBXFrameworksBuildPhase section */
		D962B10C23D1F03100FC5386 /* Frameworks */ = {
			isa = PBXFrameworksBuildPhase;
			buildActionMask = 2147483647;
			files = (
			);
			runOnlyForDeploymentPostprocessing = 0;
		};
/* End PBXFrameworksBuildPhase section */

/* Begin PBXGroup section */
		D962B10623D1F03100FC5386 = {
			isa = PBXGroup;
			children = (
				D962B11123D1F03100FC5386 /* NDImagePicker */,
				D962B11023D1F03100FC5386 /* Products */,
			);
			sourceTree = "<group>";
		};
		D962B11023D1F03100FC5386 /* Products */ = {
			isa = PBXGroup;
			children = (
				D962B10F23D1F03100FC5386 /* NDImagePicker.app */,
			);
			name = Products;
			sourceTree = "<group>";
		};
		D962B11123D1F03100FC5386 /* NDImagePicker */ = {
			isa = PBXGroup;
			children = (
				D962B11D23D1F03200FC5386 /* LaunchScreen.storyboard */,
				D962B12923D1F4BD00FC5386 /* Example App */,
				D962B12823D1F49B00FC5386 /* NDImagePickerFramework */,
				D962B12623D1F43900FC5386 /* Utilities */,
			);
			path = NDImagePicker;
			sourceTree = "<group>";
		};
		D962B12623D1F43900FC5386 /* Utilities */ = {
			isa = PBXGroup;
			children = (
				D962B12723D1F45E00FC5386 /* UIViewX.swift */,
			);
			path = Utilities;
			sourceTree = "<group>";
		};
		D962B12823D1F49B00FC5386 /* NDImagePickerFramework */ = {
			isa = PBXGroup;
			children = (
			);
			path = NDImagePickerFramework;
			sourceTree = "<group>";
		};
		D962B12923D1F4BD00FC5386 /* Example App */ = {
			isa = PBXGroup;
			children = (
				D962B11423D1F03100FC5386 /* SceneDelegate.swift */,
				D962B11623D1F03100FC5386 /* ViewController.swift */,
				D962B11223D1F03100FC5386 /* AppDelegate.swift */,
				D962B11823D1F03100FC5386 /* Main.storyboard */,
				D962B11B23D1F03200FC5386 /* Assets.xcassets */,
				D962B12023D1F03200FC5386 /* Info.plist */,
			);
			path = "Example App";
			sourceTree = "<group>";
		};
/* End PBXGroup section */

/* Begin PBXNativeTarget section */
		D962B10E23D1F03100FC5386 /* NDImagePicker */ = {
			isa = PBXNativeTarget;
			buildConfigurationList = D962B12323D1F03200FC5386 /* Build configuration list for PBXNativeTarget "NDImagePicker" */;
			buildPhases = (
				D962B10B23D1F03100FC5386 /* Sources */,
				D962B10C23D1F03100FC5386 /* Frameworks */,
				D962B10D23D1F03100FC5386 /* Resources */,
			);
			buildRules = (
			);
			dependencies = (
			);
			name = NDImagePicker;
			productName = NDMediaPicker;
			productReference = D962B10F23D1F03100FC5386 /* NDImagePicker.app */;
			productType = "com.apple.product-type.application";
		};
/* End PBXNativeTarget section */

/* Begin PBXProject section */
		D962B10723D1F03100FC5386 /* Project object */ = {
			isa = PBXProject;
			attributes = {
				LastSwiftUpdateCheck = 1130;
				LastUpgradeCheck = 1130;
				ORGANIZATIONNAME = Neone;
				TargetAttributes = {
					D962B10E23D1F03100FC5386 = {
						CreatedOnToolsVersion = 11.3.1;
					};
				};
			};
			buildConfigurationList = D962B10A23D1F03100FC5386 /* Build configuration list for PBXProject "NDImagePicker" */;
			compatibilityVersion = "Xcode 9.3";
			developmentRegion = en;
			hasScannedForEncodings = 0;
			knownRegions = (
				en,
				Base,
			);
			mainGroup = D962B10623D1F03100FC5386;
			productRefGroup = D962B11023D1F03100FC5386 /* Products */;
			projectDirPath = "";
			projectRoot = "";
			targets = (
				D962B10E23D1F03100FC5386 /* NDImagePicker */,
			);
		};
/* End PBXProject section */

/* Begin PBXResourcesBuildPhase section */
		D962B10D23D1F03100FC5386 /* Resources */ = {
			isa = PBXResourcesBuildPhase;
			buildActionMask = 2147483647;
			files = (
				D962B11F23D1F03200FC5386 /* LaunchScreen.storyboard in Resources */,
				D962B11C23D1F03200FC5386 /* Assets.xcassets in Resources */,
				D962B11A23D1F03100FC5386 /* Main.storyboard in Resources */,
			);
			runOnlyForDeploymentPostprocessing = 0;
		};
/* End PBXResourcesBuildPhase section */

/* Begin PBXSourcesBuildPhase section */
		D962B10B23D1F03100FC5386 /* Sources */ = {
			isa = PBXSourcesBuildPhase;
			buildActionMask = 2147483647;
			files = (
				D962B11723D1F03100FC5386 /* ViewController.swift in Sources */,
				D962B11323D1F03100FC5386 /* AppDelegate.swift in Sources */,
				D962B11523D1F03100FC5386 /* SceneDelegate.swift in Sources */,
			);
			runOnlyForDeploymentPostprocessing = 0;
		};
/* End PBXSourcesBuildPhase section */

/* Begin PBXVariantGroup section */
		D962B11823D1F03100FC5386 /* Main.storyboard */ = {
			isa = PBXVariantGroup;
			children = (
				D962B11923D1F03100FC5386 /* Base */,
			);
			name = Main.storyboard;
			sourceTree = "<group>";
		};
		D962B11D23D1F03200FC5386 /* LaunchScreen.storyboard */ = {
			isa = PBXVariantGroup;
			children = (
				D962B11E23D1F03200FC5386 /* Base */,
			);
			name = LaunchScreen.storyboard;
			sourceTree = "<group>";
		};
/* End PBXVariantGroup section */

/* Begin XCBuildConfiguration section */
		D962B12123D1F03200FC5386 /* Debug */ = {
			isa = XCBuildConfiguration;
			buildSettings = {
				ALWAYS_SEARCH_USER_PATHS = NO;
				CLANG_ANALYZER_NONNULL = YES;
				CLANG_ANALYZER_NUMBER_OBJECT_CONVERSION = YES_AGGRESSIVE;
				CLANG_CXX_LANGUAGE_STANDARD = "gnu++14";
				CLANG_CXX_LIBRARY = "libc++";
				CLANG_ENABLE_MODULES = YES;
				CLANG_ENABLE_OBJC_ARC = YES;
				CLANG_ENABLE_OBJC_WEAK = YES;
				CLANG_WARN_BLOCK_CAPTURE_AUTORELEASING = YES;
				CLANG_WARN_BOOL_CONVERSION = YES;
				CLANG_WARN_COMMA = YES;
				CLANG_WARN_CONSTANT_CONVERSION = YES;
				CLANG_WARN_DEPRECATED_OBJC_IMPLEMENTATIONS = YES;
				CLANG_WARN_DIRECT_OBJC_ISA_USAGE = YES_ERROR;
				CLANG_WARN_DOCUMENTATION_COMMENTS = YES;
				CLANG_WARN_EMPTY_BODY = YES;
				CLANG_WARN_ENUM_CONVERSION = YES;
				CLANG_WARN_INFINITE_RECURSION = YES;
				CLANG_WARN_INT_CONVERSION = YES;
				CLANG_WARN_NON_LITERAL_NULL_CONVERSION = YES;
				CLANG_WARN_OBJC_IMPLICIT_RETAIN_SELF = YES;
				CLANG_WARN_OBJC_LITERAL_CONVERSION = YES;
				CLANG_WARN_OBJC_ROOT_CLASS = YES_ERROR;
				CLANG_WARN_RANGE_LOOP_ANALYSIS = YES;
				CLANG_WARN_STRICT_PROTOTYPES = YES;
				CLANG_WARN_SUSPICIOUS_MOVE = YES;
				CLANG_WARN_UNGUARDED_AVAILABILITY = YES_AGGRESSIVE;
				CLANG_WARN_UNREACHABLE_CODE = YES;
				CLANG_WARN__DUPLICATE_METHOD_MATCH = YES;
				COPY_PHASE_STRIP = NO;
				DEBUG_INFORMATION_FORMAT = dwarf;
				ENABLE_STRICT_OBJC_MSGSEND = YES;
				ENABLE_TESTABILITY = YES;
				GCC_C_LANGUAGE_STANDARD = gnu11;
				GCC_DYNAMIC_NO_PIC = NO;
				GCC_NO_COMMON_BLOCKS = YES;
				GCC_OPTIMIZATION_LEVEL = 0;
				GCC_PREPROCESSOR_DEFINITIONS = (
					"DEBUG=1",
					"$(inherited)",
				);
				GCC_WARN_64_TO_32_BIT_CONVERSION = YES;
				GCC_WARN_ABOUT_RETURN_TYPE = YES_ERROR;
				GCC_WARN_UNDECLARED_SELECTOR = YES;
				GCC_WARN_UNINITIALIZED_AUTOS = YES_AGGRESSIVE;
				GCC_WARN_UNUSED_FUNCTION = YES;
				GCC_WARN_UNUSED_VARIABLE = YES;
				IPHONEOS_DEPLOYMENT_TARGET = 13.2;
				MTL_ENABLE_DEBUG_INFO = INCLUDE_SOURCE;
				MTL_FAST_MATH = YES;
				ONLY_ACTIVE_ARCH = YES;
				SDKROOT = iphoneos;
				SWIFT_ACTIVE_COMPILATION_CONDITIONS = DEBUG;
				SWIFT_OPTIMIZATION_LEVEL = "-Onone";
			};
			name = Debug;
		};
		D962B12223D1F03200FC5386 /* Release */ = {
			isa = XCBuildConfiguration;
			buildSettings = {
				ALWAYS_SEARCH_USER_PATHS = NO;
				CLANG_ANALYZER_NONNULL = YES;
				CLANG_ANALYZER_NUMBER_OBJECT_CONVERSION = YES_AGGRESSIVE;
				CLANG_CXX_LANGUAGE_STANDARD = "gnu++14";
				CLANG_CXX_LIBRARY = "libc++";
				CLANG_ENABLE_MODULES = YES;
				CLANG_ENABLE_OBJC_ARC = YES;
				CLANG_ENABLE_OBJC_WEAK = YES;
				CLANG_WARN_BLOCK_CAPTURE_AUTORELEASING = YES;
				CLANG_WARN_BOOL_CONVERSION = YES;
				CLANG_WARN_COMMA = YES;
				CLANG_WARN_CONSTANT_CONVERSION = YES;
				CLANG_WARN_DEPRECATED_OBJC_IMPLEMENTATIONS = YES;
				CLANG_WARN_DIRECT_OBJC_ISA_USAGE = YES_ERROR;
				CLANG_WARN_DOCUMENTATION_COMMENTS = YES;
				CLANG_WARN_EMPTY_BODY = YES;
				CLANG_WARN_ENUM_CONVERSION = YES;
				CLANG_WARN_INFINITE_RECURSION = YES;
				CLANG_WARN_INT_CONVERSION = YES;
				CLANG_WARN_NON_LITERAL_NULL_CONVERSION = YES;
				CLANG_WARN_OBJC_IMPLICIT_RETAIN_SELF = YES;
				CLANG_WARN_OBJC_LITERAL_CONVERSION = YES;
				CLANG_WARN_OBJC_ROOT_CLASS = YES_ERROR;
				CLANG_WARN_RANGE_LOOP_ANALYSIS = YES;
				CLANG_WARN_STRICT_PROTOTYPES = YES;
				CLANG_WARN_SUSPICIOUS_MOVE = YES;
				CLANG_WARN_UNGUARDED_AVAILABILITY = YES_AGGRESSIVE;
				CLANG_WARN_UNREACHABLE_CODE = YES;
				CLANG_WARN__DUPLICATE_METHOD_MATCH = YES;
				COPY_PHASE_STRIP = NO;
				DEBUG_INFORMATION_FORMAT = "dwarf-with-dsym";
				ENABLE_NS_ASSERTIONS = NO;
				ENABLE_STRICT_OBJC_MSGSEND = YES;
				GCC_C_LANGUAGE_STANDARD = gnu11;
				GCC_NO_COMMON_BLOCKS = YES;
				GCC_WARN_64_TO_32_BIT_CONVERSION = YES;
				GCC_WARN_ABOUT_RETURN_TYPE = YES_ERROR;
				GCC_WARN_UNDECLARED_SELECTOR = YES;
				GCC_WARN_UNINITIALIZED_AUTOS = YES_AGGRESSIVE;
				GCC_WARN_UNUSED_FUNCTION = YES;
				GCC_WARN_UNUSED_VARIABLE = YES;
				IPHONEOS_DEPLOYMENT_TARGET = 13.2;
				MTL_ENABLE_DEBUG_INFO = NO;
				MTL_FAST_MATH = YES;
				SDKROOT = iphoneos;
				SWIFT_COMPILATION_MODE = wholemodule;
				SWIFT_OPTIMIZATION_LEVEL = "-O";
				VALIDATE_PRODUCT = YES;
			};
			name = Release;
		};
		D962B12423D1F03200FC5386 /* Debug */ = {
			isa = XCBuildConfiguration;
			buildSettings = {
				ASSETCATALOG_COMPILER_APPICON_NAME = AppIcon;
				CODE_SIGN_STYLE = Automatic;
				DEVELOPMENT_TEAM = 77YXYQDT3J;
				INFOPLIST_FILE = "$(SRCROOT)/NDImagePicker/Example App/Info.plist";
				LD_RUNPATH_SEARCH_PATHS = (
					"$(inherited)",
					"@executable_path/Frameworks",
				);
				PRODUCT_BUNDLE_IDENTIFIER = com.neone.NDImagePicker;
				PRODUCT_NAME = NDImagePicker;
				SWIFT_VERSION = 5.0;
				TARGETED_DEVICE_FAMILY = 1;
			};
			name = Debug;
		};
		D962B12523D1F03200FC5386 /* Release */ = {
			isa = XCBuildConfiguration;
			buildSettings = {
				ASSETCATALOG_COMPILER_APPICON_NAME = AppIcon;
				CODE_SIGN_STYLE = Automatic;
				DEVELOPMENT_TEAM = 77YXYQDT3J;
				INFOPLIST_FILE = "$(SRCROOT)/NDImagePicker/Example App/Info.plist";
				LD_RUNPATH_SEARCH_PATHS = (
					"$(inherited)",
					"@executable_path/Frameworks",
				);
				PRODUCT_BUNDLE_IDENTIFIER = com.neone.NDImagePicker;
				PRODUCT_NAME = NDImagePicker;
				SWIFT_VERSION = 5.0;
				TARGETED_DEVICE_FAMILY = 1;
			};
			name = Release;
		};
/* End XCBuildConfiguration section */

/* Begin XCConfigurationList section */
		D962B10A23D1F03100FC5386 /* Build configuration list for PBXProject "NDImagePicker" */ = {
			isa = XCConfigurationList;
			buildConfigurations = (
				D962B12123D1F03200FC5386 /* Debug */,
				D962B12223D1F03200FC5386 /* Release */,
			);
			defaultConfigurationIsVisible = 0;
			defaultConfigurationName = Release;
		};
		D962B12323D1F03200FC5386 /* Build configuration list for PBXNativeTarget "NDImagePicker" */ = {
			isa = XCConfigurationList;
			buildConfigurations = (
				D962B12423D1F03200FC5386 /* Debug */,
				D962B12523D1F03200FC5386 /* Release */,
			);
			defaultConfigurationIsVisible = 0;
			defaultConfigurationName = Release;
		};
/* End XCConfigurationList section */
	};
	rootObject = D962B10723D1F03100FC5386 /* Project object */;
}
