// !$*UTF8*$!
{
	archiveVersion = 1;
	classes = {
	};
	objectVersion = 50;
	objects = {

/* Begin PBXBuildFile section */
		D962B11323D1F03100FC5386 /* AppDelegate.swift in Sources */ = {isa = PBXBuildFile; fileRef = D962B11223D1F03100FC5386 /* AppDelegate.swift */; };
		D962B11523D1F03100FC5386 /* SceneDelegate.swift in Sources */ = {isa = PBXBuildFile; fileRef = D962B11423D1F03100FC5386 /* SceneDelegate.swift */; };
		D962B11723D1F03100FC5386 /* NDImagePickerAppViewController.swift in Sources */ = {isa = PBXBuildFile; fileRef = D962B11623D1F03100FC5386 /* NDImagePickerAppViewController.swift */; };
		D962B11A23D1F03100FC5386 /* Main.storyboard in Resources */ = {isa = PBXBuildFile; fileRef = D962B11823D1F03100FC5386 /* Main.storyboard */; };
		D962B11C23D1F03200FC5386 /* Assets.xcassets in Resources */ = {isa = PBXBuildFile; fileRef = D962B11B23D1F03200FC5386 /* Assets.xcassets */; };
		D962B11F23D1F03200FC5386 /* LaunchScreen.storyboard in Resources */ = {isa = PBXBuildFile; fileRef = D962B11D23D1F03200FC5386 /* LaunchScreen.storyboard */; };
		D978EF7523D211B40027938E /* UIViewX.swift in Sources */ = {isa = PBXBuildFile; fileRef = D962B12723D1F45E00FC5386 /* UIViewX.swift */; };
		D978F00F23D21B450027938E /* UIButtonX.swift in Sources */ = {isa = PBXBuildFile; fileRef = D978F00E23D21B450027938E /* UIButtonX.swift */; };
		D978F01023D21FF30027938E /* QCropper.check.mark@2x.png in Resources */ = {isa = PBXBuildFile; fileRef = D978F00623D21A200027938E /* QCropper.check.mark@2x.png */; };
		D978F01123D21FF30027938E /* QCropper.rotate.right.fill@2x.png in Resources */ = {isa = PBXBuildFile; fileRef = D978F00723D21A200027938E /* QCropper.rotate.right.fill@2x.png */; };
		D978F01223D21FF30027938E /* QCropper.rotate.right.fill@3x.png in Resources */ = {isa = PBXBuildFile; fileRef = D978F00823D21A200027938E /* QCropper.rotate.right.fill@3x.png */; };
		D978F01323D21FF30027938E /* QCropper.check.mark@3x.png in Resources */ = {isa = PBXBuildFile; fileRef = D978F00923D21A200027938E /* QCropper.check.mark@3x.png */; };
		D978F01423D21FF30027938E /* QCropper.aspectratio.fill@2x.png in Resources */ = {isa = PBXBuildFile; fileRef = D978F00A23D21A200027938E /* QCropper.aspectratio.fill@2x.png */; };
		D978F01523D21FF30027938E /* QCropper.aspectratio.fill@3x.png in Resources */ = {isa = PBXBuildFile; fileRef = D978F00B23D21A200027938E /* QCropper.aspectratio.fill@3x.png */; };
		D978F01623D21FF30027938E /* QCropper.flip.horizontal.fill@3x.png in Resources */ = {isa = PBXBuildFile; fileRef = D978F00C23D21A200027938E /* QCropper.flip.horizontal.fill@3x.png */; };
		D978F01723D21FF30027938E /* QCropper.flip.horizontal.fill@2x.png in Resources */ = {isa = PBXBuildFile; fileRef = D978F00D23D21A200027938E /* QCropper.flip.horizontal.fill@2x.png */; };
		D978F01823D21FF70027938E /* CropBox.swift in Sources */ = {isa = PBXBuildFile; fileRef = D978EFEF23D21A020027938E /* CropBox.swift */; };
		D978F01923D21FF70027938E /* Overlay.swift in Sources */ = {isa = PBXBuildFile; fileRef = D978EFF023D21A020027938E /* Overlay.swift */; };
		D978F01A23D21FF70027938E /* Grid.swift in Sources */ = {isa = PBXBuildFile; fileRef = D978EFF123D21A020027938E /* Grid.swift */; };
		D978F01B23D21FFD0027938E /* UIImage+Helper.swift in Sources */ = {isa = PBXBuildFile; fileRef = D978EFEA23D21A020027938E /* UIImage+Helper.swift */; };
		D978F01C23D21FFD0027938E /* UIView+Helper.swift in Sources */ = {isa = PBXBuildFile; fileRef = D978EFEB23D21A020027938E /* UIView+Helper.swift */; };
		D978F01D23D21FFD0027938E /* UIImage+Cropping.swift in Sources */ = {isa = PBXBuildFile; fileRef = D978EFEC23D21A020027938E /* UIImage+Cropping.swift */; };
		D978F01E23D21FFD0027938E /* HelperExtensions.swift in Sources */ = {isa = PBXBuildFile; fileRef = D978EFED23D21A020027938E /* HelperExtensions.swift */; };
		D978F01F23D220020027938E /* Toolbar.swift in Sources */ = {isa = PBXBuildFile; fileRef = D978F00123D21A020027938E /* Toolbar.swift */; };
		D978F02023D220020027938E /* TopBar.swift in Sources */ = {isa = PBXBuildFile; fileRef = D978F00223D21A020027938E /* TopBar.swift */; };
		D978F02123D220020027938E /* AngleRuler.swift in Sources */ = {isa = PBXBuildFile; fileRef = D978F00323D21A020027938E /* AngleRuler.swift */; };
		D978F02223D220020027938E /* AspectRatioPicker.swift in Sources */ = {isa = PBXBuildFile; fileRef = D978F00423D21A020027938E /* AspectRatioPicker.swift */; };
		D978F02323D2200F0027938E /* Constants.swift in Sources */ = {isa = PBXBuildFile; fileRef = D978EFF323D21A020027938E /* Constants.swift */; };
		D978F02423D2200F0027938E /* ScrollViewContainer.swift in Sources */ = {isa = PBXBuildFile; fileRef = D978EFFC23D21A020027938E /* ScrollViewContainer.swift */; };
		D978F02523D2200F0027938E /* CropperState.swift in Sources */ = {isa = PBXBuildFile; fileRef = D978EFFD23D21A020027938E /* CropperState.swift */; };
		D978F02623D2200F0027938E /* CropperViewController.swift in Sources */ = {isa = PBXBuildFile; fileRef = D978EFFE23D21A020027938E /* CropperViewController.swift */; };
		D978F02723D2200F0027938E /* AspectRatio.swift in Sources */ = {isa = PBXBuildFile; fileRef = D978EFFF23D21A020027938E /* AspectRatio.swift */; };
		D978F02823D220130027938E /* CropBoxEdgeDraggable.swift in Sources */ = {isa = PBXBuildFile; fileRef = D978EFF523D21A020027938E /* CropBoxEdgeDraggable.swift */; };
		D978F02923D220130027938E /* StateRestorable.swift in Sources */ = {isa = PBXBuildFile; fileRef = D978EFF623D21A020027938E /* StateRestorable.swift */; };
		D978F02A23D220130027938E /* Stasisable.swift in Sources */ = {isa = PBXBuildFile; fileRef = D978EFF723D21A020027938E /* Stasisable.swift */; };
		D978F02B23D220130027938E /* Flipable.swift in Sources */ = {isa = PBXBuildFile; fileRef = D978EFF823D21A020027938E /* Flipable.swift */; };
		D978F02C23D220130027938E /* Rotatable.swift in Sources */ = {isa = PBXBuildFile; fileRef = D978EFF923D21A020027938E /* Rotatable.swift */; };
		D978F02D23D220130027938E /* AngleAssist.swift in Sources */ = {isa = PBXBuildFile; fileRef = D978EFFA23D21A020027938E /* AngleAssist.swift */; };
		D978F02E23D220130027938E /* AspectRatioSettable.swift in Sources */ = {isa = PBXBuildFile; fileRef = D978EFFB23D21A020027938E /* AspectRatioSettable.swift */; };
		D978F03023D228C40027938E /* NDImagePickerViewController.swift in Sources */ = {isa = PBXBuildFile; fileRef = D978F02F23D228C40027938E /* NDImagePickerViewController.swift */; };
/* End PBXBuildFile section */

/* Begin PBXFileReference section */
		D962B10F23D1F03100FC5386 /* NDImagePickerApp.app */ = {isa = PBXFileReference; explicitFileType = wrapper.application; includeInIndex = 0; path = NDImagePickerApp.app; sourceTree = BUILT_PRODUCTS_DIR; };
		D962B11223D1F03100FC5386 /* AppDelegate.swift */ = {isa = PBXFileReference; lastKnownFileType = sourcecode.swift; path = AppDelegate.swift; sourceTree = "<group>"; };
		D962B11423D1F03100FC5386 /* SceneDelegate.swift */ = {isa = PBXFileReference; lastKnownFileType = sourcecode.swift; path = SceneDelegate.swift; sourceTree = "<group>"; };
		D962B11623D1F03100FC5386 /* NDImagePickerAppViewController.swift */ = {isa = PBXFileReference; lastKnownFileType = sourcecode.swift; path = NDImagePickerAppViewController.swift; sourceTree = "<group>"; };
		D962B11923D1F03100FC5386 /* Base */ = {isa = PBXFileReference; lastKnownFileType = file.storyboard; name = Base; path = Base.lproj/Main.storyboard; sourceTree = "<group>"; };
		D962B11B23D1F03200FC5386 /* Assets.xcassets */ = {isa = PBXFileReference; lastKnownFileType = folder.assetcatalog; path = Assets.xcassets; sourceTree = "<group>"; };
		D962B11E23D1F03200FC5386 /* Base */ = {isa = PBXFileReference; lastKnownFileType = file.storyboard; name = Base; path = Base.lproj/LaunchScreen.storyboard; sourceTree = "<group>"; };
		D962B12023D1F03200FC5386 /* Info.plist */ = {isa = PBXFileReference; lastKnownFileType = text.plist.xml; path = Info.plist; sourceTree = "<group>"; };
		D962B12723D1F45E00FC5386 /* UIViewX.swift */ = {isa = PBXFileReference; lastKnownFileType = sourcecode.swift; path = UIViewX.swift; sourceTree = "<group>"; };
		D978EFEA23D21A020027938E /* UIImage+Helper.swift */ = {isa = PBXFileReference; lastKnownFileType = sourcecode.swift; path = "UIImage+Helper.swift"; sourceTree = "<group>"; };
		D978EFEB23D21A020027938E /* UIView+Helper.swift */ = {isa = PBXFileReference; lastKnownFileType = sourcecode.swift; path = "UIView+Helper.swift"; sourceTree = "<group>"; };
		D978EFEC23D21A020027938E /* UIImage+Cropping.swift */ = {isa = PBXFileReference; lastKnownFileType = sourcecode.swift; path = "UIImage+Cropping.swift"; sourceTree = "<group>"; };
		D978EFED23D21A020027938E /* HelperExtensions.swift */ = {isa = PBXFileReference; lastKnownFileType = sourcecode.swift; path = HelperExtensions.swift; sourceTree = "<group>"; };
		D978EFEF23D21A020027938E /* CropBox.swift */ = {isa = PBXFileReference; lastKnownFileType = sourcecode.swift; path = CropBox.swift; sourceTree = "<group>"; };
		D978EFF023D21A020027938E /* Overlay.swift */ = {isa = PBXFileReference; lastKnownFileType = sourcecode.swift; path = Overlay.swift; sourceTree = "<group>"; };
		D978EFF123D21A020027938E /* Grid.swift */ = {isa = PBXFileReference; lastKnownFileType = sourcecode.swift; path = Grid.swift; sourceTree = "<group>"; };
		D978EFF323D21A020027938E /* Constants.swift */ = {isa = PBXFileReference; lastKnownFileType = sourcecode.swift; path = Constants.swift; sourceTree = "<group>"; };
		D978EFF523D21A020027938E /* CropBoxEdgeDraggable.swift */ = {isa = PBXFileReference; lastKnownFileType = sourcecode.swift; path = CropBoxEdgeDraggable.swift; sourceTree = "<group>"; };
		D978EFF623D21A020027938E /* StateRestorable.swift */ = {isa = PBXFileReference; lastKnownFileType = sourcecode.swift; path = StateRestorable.swift; sourceTree = "<group>"; };
		D978EFF723D21A020027938E /* Stasisable.swift */ = {isa = PBXFileReference; lastKnownFileType = sourcecode.swift; path = Stasisable.swift; sourceTree = "<group>"; };
		D978EFF823D21A020027938E /* Flipable.swift */ = {isa = PBXFileReference; lastKnownFileType = sourcecode.swift; path = Flipable.swift; sourceTree = "<group>"; };
		D978EFF923D21A020027938E /* Rotatable.swift */ = {isa = PBXFileReference; lastKnownFileType = sourcecode.swift; path = Rotatable.swift; sourceTree = "<group>"; };
		D978EFFA23D21A020027938E /* AngleAssist.swift */ = {isa = PBXFileReference; lastKnownFileType = sourcecode.swift; path = AngleAssist.swift; sourceTree = "<group>"; };
		D978EFFB23D21A020027938E /* AspectRatioSettable.swift */ = {isa = PBXFileReference; lastKnownFileType = sourcecode.swift; path = AspectRatioSettable.swift; sourceTree = "<group>"; };
		D978EFFC23D21A020027938E /* ScrollViewContainer.swift */ = {isa = PBXFileReference; lastKnownFileType = sourcecode.swift; path = ScrollViewContainer.swift; sourceTree = "<group>"; };
		D978EFFD23D21A020027938E /* CropperState.swift */ = {isa = PBXFileReference; lastKnownFileType = sourcecode.swift; path = CropperState.swift; sourceTree = "<group>"; };
		D978EFFE23D21A020027938E /* CropperViewController.swift */ = {isa = PBXFileReference; lastKnownFileType = sourcecode.swift; path = CropperViewController.swift; sourceTree = "<group>"; };
		D978EFFF23D21A020027938E /* AspectRatio.swift */ = {isa = PBXFileReference; lastKnownFileType = sourcecode.swift; path = AspectRatio.swift; sourceTree = "<group>"; };
		D978F00123D21A020027938E /* Toolbar.swift */ = {isa = PBXFileReference; lastKnownFileType = sourcecode.swift; path = Toolbar.swift; sourceTree = "<group>"; };
		D978F00223D21A020027938E /* TopBar.swift */ = {isa = PBXFileReference; lastKnownFileType = sourcecode.swift; path = TopBar.swift; sourceTree = "<group>"; };
		D978F00323D21A020027938E /* AngleRuler.swift */ = {isa = PBXFileReference; lastKnownFileType = sourcecode.swift; path = AngleRuler.swift; sourceTree = "<group>"; };
		D978F00423D21A020027938E /* AspectRatioPicker.swift */ = {isa = PBXFileReference; lastKnownFileType = sourcecode.swift; path = AspectRatioPicker.swift; sourceTree = "<group>"; };
		D978F00623D21A200027938E /* QCropper.check.mark@2x.png */ = {isa = PBXFileReference; lastKnownFileType = image.png; path = "QCropper.check.mark@2x.png"; sourceTree = "<group>"; };
		D978F00723D21A200027938E /* QCropper.rotate.right.fill@2x.png */ = {isa = PBXFileReference; lastKnownFileType = image.png; path = "QCropper.rotate.right.fill@2x.png"; sourceTree = "<group>"; };
		D978F00823D21A200027938E /* QCropper.rotate.right.fill@3x.png */ = {isa = PBXFileReference; lastKnownFileType = image.png; path = "QCropper.rotate.right.fill@3x.png"; sourceTree = "<group>"; };
		D978F00923D21A200027938E /* QCropper.check.mark@3x.png */ = {isa = PBXFileReference; lastKnownFileType = image.png; path = "QCropper.check.mark@3x.png"; sourceTree = "<group>"; };
		D978F00A23D21A200027938E /* QCropper.aspectratio.fill@2x.png */ = {isa = PBXFileReference; lastKnownFileType = image.png; path = "QCropper.aspectratio.fill@2x.png"; sourceTree = "<group>"; };
		D978F00B23D21A200027938E /* QCropper.aspectratio.fill@3x.png */ = {isa = PBXFileReference; lastKnownFileType = image.png; path = "QCropper.aspectratio.fill@3x.png"; sourceTree = "<group>"; };
		D978F00C23D21A200027938E /* QCropper.flip.horizontal.fill@3x.png */ = {isa = PBXFileReference; lastKnownFileType = image.png; path = "QCropper.flip.horizontal.fill@3x.png"; sourceTree = "<group>"; };
		D978F00D23D21A200027938E /* QCropper.flip.horizontal.fill@2x.png */ = {isa = PBXFileReference; lastKnownFileType = image.png; path = "QCropper.flip.horizontal.fill@2x.png"; sourceTree = "<group>"; };
		D978F00E23D21B450027938E /* UIButtonX.swift */ = {isa = PBXFileReference; fileEncoding = 4; lastKnownFileType = sourcecode.swift; path = UIButtonX.swift; sourceTree = "<group>"; };
		D978F02F23D228C40027938E /* NDImagePickerViewController.swift */ = {isa = PBXFileReference; lastKnownFileType = sourcecode.swift; path = NDImagePickerViewController.swift; sourceTree = "<group>"; };
/* End PBXFileReference section */

/* Begin PBXFrameworksBuildPhase section */
		D962B10C23D1F03100FC5386 /* Frameworks */ = {
			isa = PBXFrameworksBuildPhase;
			buildActionMask = 2147483647;
			files = (
			);
			runOnlyForDeploymentPostprocessing = 0;
		};
/* End PBXFrameworksBuildPhase section */

/* Begin PBXGroup section */
		D962B10623D1F03100FC5386 = {
			isa = PBXGroup;
			children = (
				D962B11123D1F03100FC5386 /* NDImagePickerApp */,
				D962B11023D1F03100FC5386 /* Products */,
			);
			sourceTree = "<group>";
		};
		D962B11023D1F03100FC5386 /* Products */ = {
			isa = PBXGroup;
			children = (
				D962B10F23D1F03100FC5386 /* NDImagePickerApp.app */,
			);
			name = Products;
			sourceTree = "<group>";
		};
		D962B11123D1F03100FC5386 /* NDImagePickerApp */ = {
			isa = PBXGroup;
			children = (
				D978EF7823D219E70027938E /* NDImagePickerFramework */,
				D962B11D23D1F03200FC5386 /* LaunchScreen.storyboard */,
				D962B12923D1F4BD00FC5386 /* Example App */,
				D962B12623D1F43900FC5386 /* Utilities */,
			);
			path = NDImagePickerApp;
			sourceTree = "<group>";
		};
		D962B12623D1F43900FC5386 /* Utilities */ = {
			isa = PBXGroup;
			children = (
				D962B12723D1F45E00FC5386 /* UIViewX.swift */,
				D978F00E23D21B450027938E /* UIButtonX.swift */,
			);
			path = Utilities;
			sourceTree = "<group>";
		};
		D962B12923D1F4BD00FC5386 /* Example App */ = {
			isa = PBXGroup;
			children = (
				D962B11423D1F03100FC5386 /* SceneDelegate.swift */,
				D962B11623D1F03100FC5386 /* NDImagePickerAppViewController.swift */,
				D962B11223D1F03100FC5386 /* AppDelegate.swift */,
				D962B11823D1F03100FC5386 /* Main.storyboard */,
				D962B11B23D1F03200FC5386 /* Assets.xcassets */,
				D962B12023D1F03200FC5386 /* Info.plist */,
			);
			path = "Example App";
			sourceTree = "<group>";
		};
		D978EF7723D219DF0027938E /* QCropper */ = {
			isa = PBXGroup;
			children = (
				D978EFF223D21A020027938E /* Core */,
				D978F00023D21A020027938E /* CustomUI */,
				D978EFE923D21A020027938E /* HelperExtensions */,
				D978EFEE23D21A020027938E /* Overlay */,
				D978F00523D21A200027938E /* Assets */,
			);
			path = QCropper;
			sourceTree = "<group>";
		};
		D978EF7823D219E70027938E /* NDImagePickerFramework */ = {
			isa = PBXGroup;
			children = (
				D978EF7723D219DF0027938E /* QCropper */,
				D978F02F23D228C40027938E /* NDImagePickerViewController.swift */,
			);
			path = NDImagePickerFramework;
			sourceTree = "<group>";
		};
		D978EFE923D21A020027938E /* HelperExtensions */ = {
			isa = PBXGroup;
			children = (
				D978EFEA23D21A020027938E /* UIImage+Helper.swift */,
				D978EFEB23D21A020027938E /* UIView+Helper.swift */,
				D978EFEC23D21A020027938E /* UIImage+Cropping.swift */,
				D978EFED23D21A020027938E /* HelperExtensions.swift */,
			);
			path = HelperExtensions;
			sourceTree = "<group>";
		};
		D978EFEE23D21A020027938E /* Overlay */ = {
			isa = PBXGroup;
			children = (
				D978EFEF23D21A020027938E /* CropBox.swift */,
				D978EFF023D21A020027938E /* Overlay.swift */,
				D978EFF123D21A020027938E /* Grid.swift */,
			);
			path = Overlay;
			sourceTree = "<group>";
		};
		D978EFF223D21A020027938E /* Core */ = {
			isa = PBXGroup;
			children = (
				D978EFF323D21A020027938E /* Constants.swift */,
				D978EFF423D21A020027938E /* CropperProtocols */,
				D978EFFC23D21A020027938E /* ScrollViewContainer.swift */,
				D978EFFD23D21A020027938E /* CropperState.swift */,
				D978EFFE23D21A020027938E /* CropperViewController.swift */,
				D978EFFF23D21A020027938E /* AspectRatio.swift */,
			);
			path = Core;
			sourceTree = "<group>";
		};
		D978EFF423D21A020027938E /* CropperProtocols */ = {
			isa = PBXGroup;
			children = (
				D978EFF523D21A020027938E /* CropBoxEdgeDraggable.swift */,
				D978EFF623D21A020027938E /* StateRestorable.swift */,
				D978EFF723D21A020027938E /* Stasisable.swift */,
				D978EFF823D21A020027938E /* Flipable.swift */,
				D978EFF923D21A020027938E /* Rotatable.swift */,
				D978EFFA23D21A020027938E /* AngleAssist.swift */,
				D978EFFB23D21A020027938E /* AspectRatioSettable.swift */,
			);
			path = CropperProtocols;
			sourceTree = "<group>";
		};
		D978F00023D21A020027938E /* CustomUI */ = {
			isa = PBXGroup;
			children = (
				D978F00123D21A020027938E /* Toolbar.swift */,
				D978F00223D21A020027938E /* TopBar.swift */,
				D978F00323D21A020027938E /* AngleRuler.swift */,
				D978F00423D21A020027938E /* AspectRatioPicker.swift */,
			);
			path = CustomUI;
			sourceTree = "<group>";
		};
		D978F00523D21A200027938E /* Assets */ = {
			isa = PBXGroup;
			children = (
				D978F00623D21A200027938E /* QCropper.check.mark@2x.png */,
				D978F00723D21A200027938E /* QCropper.rotate.right.fill@2x.png */,
				D978F00823D21A200027938E /* QCropper.rotate.right.fill@3x.png */,
				D978F00923D21A200027938E /* QCropper.check.mark@3x.png */,
				D978F00A23D21A200027938E /* QCropper.aspectratio.fill@2x.png */,
				D978F00B23D21A200027938E /* QCropper.aspectratio.fill@3x.png */,
				D978F00C23D21A200027938E /* QCropper.flip.horizontal.fill@3x.png */,
				D978F00D23D21A200027938E /* QCropper.flip.horizontal.fill@2x.png */,
			);
			path = Assets;
			sourceTree = "<group>";
		};
/* End PBXGroup section */

/* Begin PBXNativeTarget section */
		D962B10E23D1F03100FC5386 /* NDImagePickerApp */ = {
			isa = PBXNativeTarget;
			buildConfigurationList = D962B12323D1F03200FC5386 /* Build configuration list for PBXNativeTarget "NDImagePickerApp" */;
			buildPhases = (
				D962B10B23D1F03100FC5386 /* Sources */,
				D962B10C23D1F03100FC5386 /* Frameworks */,
				D962B10D23D1F03100FC5386 /* Resources */,
			);
			buildRules = (
			);
			dependencies = (
			);
			name = NDImagePickerApp;
			productName = NDMediaPicker;
			productReference = D962B10F23D1F03100FC5386 /* NDImagePickerApp.app */;
			productType = "com.apple.product-type.application";
		};
/* End PBXNativeTarget section */

/* Begin PBXProject section */
		D962B10723D1F03100FC5386 /* Project object */ = {
			isa = PBXProject;
			attributes = {
				LastSwiftUpdateCheck = 1130;
				LastUpgradeCheck = 1130;
				ORGANIZATIONNAME = Neone;
				TargetAttributes = {
					D962B10E23D1F03100FC5386 = {
						CreatedOnToolsVersion = 11.3.1;
					};
				};
			};
			buildConfigurationList = D962B10A23D1F03100FC5386 /* Build configuration list for PBXProject "NDImagePickerApp" */;
			compatibilityVersion = "Xcode 9.3";
			developmentRegion = en;
			hasScannedForEncodings = 0;
			knownRegions = (
				en,
				Base,
			);
			mainGroup = D962B10623D1F03100FC5386;
			productRefGroup = D962B11023D1F03100FC5386 /* Products */;
			projectDirPath = "";
			projectRoot = "";
			targets = (
				D962B10E23D1F03100FC5386 /* NDImagePickerApp */,
			);
		};
/* End PBXProject section */

/* Begin PBXResourcesBuildPhase section */
		D962B10D23D1F03100FC5386 /* Resources */ = {
			isa = PBXResourcesBuildPhase;
			buildActionMask = 2147483647;
			files = (
				D978F01023D21FF30027938E /* QCropper.check.mark@2x.png in Resources */,
				D962B11F23D1F03200FC5386 /* LaunchScreen.storyboard in Resources */,
				D978F01123D21FF30027938E /* QCropper.rotate.right.fill@2x.png in Resources */,
				D962B11C23D1F03200FC5386 /* Assets.xcassets in Resources */,
				D978F01623D21FF30027938E /* QCropper.flip.horizontal.fill@3x.png in Resources */,
				D978F01323D21FF30027938E /* QCropper.check.mark@3x.png in Resources */,
				D978F01723D21FF30027938E /* QCropper.flip.horizontal.fill@2x.png in Resources */,
				D962B11A23D1F03100FC5386 /* Main.storyboard in Resources */,
				D978F01523D21FF30027938E /* QCropper.aspectratio.fill@3x.png in Resources */,
				D978F01423D21FF30027938E /* QCropper.aspectratio.fill@2x.png in Resources */,
				D978F01223D21FF30027938E /* QCropper.rotate.right.fill@3x.png in Resources */,
			);
			runOnlyForDeploymentPostprocessing = 0;
		};
/* End PBXResourcesBuildPhase section */

/* Begin PBXSourcesBuildPhase section */
		D962B10B23D1F03100FC5386 /* Sources */ = {
			isa = PBXSourcesBuildPhase;
			buildActionMask = 2147483647;
			files = (
				D978F02D23D220130027938E /* AngleAssist.swift in Sources */,
				D978F01D23D21FFD0027938E /* UIImage+Cropping.swift in Sources */,
				D978F02323D2200F0027938E /* Constants.swift in Sources */,
				D978F01F23D220020027938E /* Toolbar.swift in Sources */,
				D978F01E23D21FFD0027938E /* HelperExtensions.swift in Sources */,
				D978F02623D2200F0027938E /* CropperViewController.swift in Sources */,
				D962B11723D1F03100FC5386 /* NDImagePickerAppViewController.swift in Sources */,
				D978F00F23D21B450027938E /* UIButtonX.swift in Sources */,
				D978EF7523D211B40027938E /* UIViewX.swift in Sources */,
				D978F01A23D21FF70027938E /* Grid.swift in Sources */,
				D978F02B23D220130027938E /* Flipable.swift in Sources */,
				D978F02023D220020027938E /* TopBar.swift in Sources */,
				D978F02523D2200F0027938E /* CropperState.swift in Sources */,
				D978F03023D228C40027938E /* NDImagePickerViewController.swift in Sources */,
				D978F02C23D220130027938E /* Rotatable.swift in Sources */,
				D978F01C23D21FFD0027938E /* UIView+Helper.swift in Sources */,
				D978F01B23D21FFD0027938E /* UIImage+Helper.swift in Sources */,
				D978F01823D21FF70027938E /* CropBox.swift in Sources */,
				D978F01923D21FF70027938E /* Overlay.swift in Sources */,
				D962B11323D1F03100FC5386 /* AppDelegate.swift in Sources */,
				D978F02E23D220130027938E /* AspectRatioSettable.swift in Sources */,
				D962B11523D1F03100FC5386 /* SceneDelegate.swift in Sources */,
				D978F02723D2200F0027938E /* AspectRatio.swift in Sources */,
				D978F02823D220130027938E /* CropBoxEdgeDraggable.swift in Sources */,
				D978F02923D220130027938E /* StateRestorable.swift in Sources */,
				D978F02123D220020027938E /* AngleRuler.swift in Sources */,
				D978F02223D220020027938E /* AspectRatioPicker.swift in Sources */,
				D978F02A23D220130027938E /* Stasisable.swift in Sources */,
				D978F02423D2200F0027938E /* ScrollViewContainer.swift in Sources */,
			);
			runOnlyForDeploymentPostprocessing = 0;
		};
/* End PBXSourcesBuildPhase section */

/* Begin PBXVariantGroup section */
		D962B11823D1F03100FC5386 /* Main.storyboard */ = {
			isa = PBXVariantGroup;
			children = (
				D962B11923D1F03100FC5386 /* Base */,
			);
			name = Main.storyboard;
			sourceTree = "<group>";
		};
		D962B11D23D1F03200FC5386 /* LaunchScreen.storyboard */ = {
			isa = PBXVariantGroup;
			children = (
				D962B11E23D1F03200FC5386 /* Base */,
			);
			name = LaunchScreen.storyboard;
			sourceTree = "<group>";
		};
/* End PBXVariantGroup section */

/* Begin XCBuildConfiguration section */
		D962B12123D1F03200FC5386 /* Debug */ = {
			isa = XCBuildConfiguration;
			buildSettings = {
				ALWAYS_SEARCH_USER_PATHS = NO;
				CLANG_ANALYZER_NONNULL = YES;
				CLANG_ANALYZER_NUMBER_OBJECT_CONVERSION = YES_AGGRESSIVE;
				CLANG_CXX_LANGUAGE_STANDARD = "gnu++14";
				CLANG_CXX_LIBRARY = "libc++";
				CLANG_ENABLE_MODULES = YES;
				CLANG_ENABLE_OBJC_ARC = YES;
				CLANG_ENABLE_OBJC_WEAK = YES;
				CLANG_WARN_BLOCK_CAPTURE_AUTORELEASING = YES;
				CLANG_WARN_BOOL_CONVERSION = YES;
				CLANG_WARN_COMMA = YES;
				CLANG_WARN_CONSTANT_CONVERSION = YES;
				CLANG_WARN_DEPRECATED_OBJC_IMPLEMENTATIONS = YES;
				CLANG_WARN_DIRECT_OBJC_ISA_USAGE = YES_ERROR;
				CLANG_WARN_DOCUMENTATION_COMMENTS = YES;
				CLANG_WARN_EMPTY_BODY = YES;
				CLANG_WARN_ENUM_CONVERSION = YES;
				CLANG_WARN_INFINITE_RECURSION = YES;
				CLANG_WARN_INT_CONVERSION = YES;
				CLANG_WARN_NON_LITERAL_NULL_CONVERSION = YES;
				CLANG_WARN_OBJC_IMPLICIT_RETAIN_SELF = YES;
				CLANG_WARN_OBJC_LITERAL_CONVERSION = YES;
				CLANG_WARN_OBJC_ROOT_CLASS = YES_ERROR;
				CLANG_WARN_RANGE_LOOP_ANALYSIS = YES;
				CLANG_WARN_STRICT_PROTOTYPES = YES;
				CLANG_WARN_SUSPICIOUS_MOVE = YES;
				CLANG_WARN_UNGUARDED_AVAILABILITY = YES_AGGRESSIVE;
				CLANG_WARN_UNREACHABLE_CODE = YES;
				CLANG_WARN__DUPLICATE_METHOD_MATCH = YES;
				COPY_PHASE_STRIP = NO;
				DEBUG_INFORMATION_FORMAT = dwarf;
				ENABLE_STRICT_OBJC_MSGSEND = YES;
				ENABLE_TESTABILITY = YES;
				GCC_C_LANGUAGE_STANDARD = gnu11;
				GCC_DYNAMIC_NO_PIC = NO;
				GCC_NO_COMMON_BLOCKS = YES;
				GCC_OPTIMIZATION_LEVEL = 0;
				GCC_PREPROCESSOR_DEFINITIONS = (
					"DEBUG=1",
					"$(inherited)",
				);
				GCC_WARN_64_TO_32_BIT_CONVERSION = YES;
				GCC_WARN_ABOUT_RETURN_TYPE = YES_ERROR;
				GCC_WARN_UNDECLARED_SELECTOR = YES;
				GCC_WARN_UNINITIALIZED_AUTOS = YES_AGGRESSIVE;
				GCC_WARN_UNUSED_FUNCTION = YES;
				GCC_WARN_UNUSED_VARIABLE = YES;
				IPHONEOS_DEPLOYMENT_TARGET = 13.2;
				MTL_ENABLE_DEBUG_INFO = INCLUDE_SOURCE;
				MTL_FAST_MATH = YES;
				ONLY_ACTIVE_ARCH = YES;
				SDKROOT = iphoneos;
				SWIFT_ACTIVE_COMPILATION_CONDITIONS = DEBUG;
				SWIFT_OPTIMIZATION_LEVEL = "-Onone";
			};
			name = Debug;
		};
		D962B12223D1F03200FC5386 /* Release */ = {
			isa = XCBuildConfiguration;
			buildSettings = {
				ALWAYS_SEARCH_USER_PATHS = NO;
				CLANG_ANALYZER_NONNULL = YES;
				CLANG_ANALYZER_NUMBER_OBJECT_CONVERSION = YES_AGGRESSIVE;
				CLANG_CXX_LANGUAGE_STANDARD = "gnu++14";
				CLANG_CXX_LIBRARY = "libc++";
				CLANG_ENABLE_MODULES = YES;
				CLANG_ENABLE_OBJC_ARC = YES;
				CLANG_ENABLE_OBJC_WEAK = YES;
				CLANG_WARN_BLOCK_CAPTURE_AUTORELEASING = YES;
				CLANG_WARN_BOOL_CONVERSION = YES;
				CLANG_WARN_COMMA = YES;
				CLANG_WARN_CONSTANT_CONVERSION = YES;
				CLANG_WARN_DEPRECATED_OBJC_IMPLEMENTATIONS = YES;
				CLANG_WARN_DIRECT_OBJC_ISA_USAGE = YES_ERROR;
				CLANG_WARN_DOCUMENTATION_COMMENTS = YES;
				CLANG_WARN_EMPTY_BODY = YES;
				CLANG_WARN_ENUM_CONVERSION = YES;
				CLANG_WARN_INFINITE_RECURSION = YES;
				CLANG_WARN_INT_CONVERSION = YES;
				CLANG_WARN_NON_LITERAL_NULL_CONVERSION = YES;
				CLANG_WARN_OBJC_IMPLICIT_RETAIN_SELF = YES;
				CLANG_WARN_OBJC_LITERAL_CONVERSION = YES;
				CLANG_WARN_OBJC_ROOT_CLASS = YES_ERROR;
				CLANG_WARN_RANGE_LOOP_ANALYSIS = YES;
				CLANG_WARN_STRICT_PROTOTYPES = YES;
				CLANG_WARN_SUSPICIOUS_MOVE = YES;
				CLANG_WARN_UNGUARDED_AVAILABILITY = YES_AGGRESSIVE;
				CLANG_WARN_UNREACHABLE_CODE = YES;
				CLANG_WARN__DUPLICATE_METHOD_MATCH = YES;
				COPY_PHASE_STRIP = NO;
				DEBUG_INFORMATION_FORMAT = "dwarf-with-dsym";
				ENABLE_NS_ASSERTIONS = NO;
				ENABLE_STRICT_OBJC_MSGSEND = YES;
				GCC_C_LANGUAGE_STANDARD = gnu11;
				GCC_NO_COMMON_BLOCKS = YES;
				GCC_WARN_64_TO_32_BIT_CONVERSION = YES;
				GCC_WARN_ABOUT_RETURN_TYPE = YES_ERROR;
				GCC_WARN_UNDECLARED_SELECTOR = YES;
				GCC_WARN_UNINITIALIZED_AUTOS = YES_AGGRESSIVE;
				GCC_WARN_UNUSED_FUNCTION = YES;
				GCC_WARN_UNUSED_VARIABLE = YES;
				IPHONEOS_DEPLOYMENT_TARGET = 13.2;
				MTL_ENABLE_DEBUG_INFO = NO;
				MTL_FAST_MATH = YES;
				SDKROOT = iphoneos;
				SWIFT_COMPILATION_MODE = wholemodule;
				SWIFT_OPTIMIZATION_LEVEL = "-O";
				VALIDATE_PRODUCT = YES;
			};
			name = Release;
		};
		D962B12423D1F03200FC5386 /* Debug */ = {
			isa = XCBuildConfiguration;
			buildSettings = {
				ASSETCATALOG_COMPILER_APPICON_NAME = AppIcon;
				CODE_SIGN_STYLE = Automatic;
				DEVELOPMENT_TEAM = 77YXYQDT3J;
				INFOPLIST_FILE = "$(SRCROOT)/NDImagePicker/Example App/Info.plist";
				LD_RUNPATH_SEARCH_PATHS = (
					"$(inherited)",
					"@executable_path/Frameworks",
				);
				PRODUCT_BUNDLE_IDENTIFIER = com.neone.NDImagePickerApp;
				PRODUCT_NAME = NDImagePickerApp;
				SWIFT_VERSION = 5.0;
				TARGETED_DEVICE_FAMILY = 1;
			};
			name = Debug;
		};
		D962B12523D1F03200FC5386 /* Release */ = {
			isa = XCBuildConfiguration;
			buildSettings = {
				ASSETCATALOG_COMPILER_APPICON_NAME = AppIcon;
				CODE_SIGN_STYLE = Automatic;
				DEVELOPMENT_TEAM = 77YXYQDT3J;
				INFOPLIST_FILE = "$(SRCROOT)/NDImagePicker/Example App/Info.plist";
				LD_RUNPATH_SEARCH_PATHS = (
					"$(inherited)",
					"@executable_path/Frameworks",
				);
				PRODUCT_BUNDLE_IDENTIFIER = com.neone.NDImagePickerApp;
				PRODUCT_NAME = NDImagePickerApp;
				SWIFT_VERSION = 5.0;
				TARGETED_DEVICE_FAMILY = 1;
			};
			name = Release;
		};
/* End XCBuildConfiguration section */

/* Begin XCConfigurationList section */
		D962B10A23D1F03100FC5386 /* Build configuration list for PBXProject "NDImagePickerApp" */ = {
			isa = XCConfigurationList;
			buildConfigurations = (
				D962B12123D1F03200FC5386 /* Debug */,
				D962B12223D1F03200FC5386 /* Release */,
			);
			defaultConfigurationIsVisible = 0;
			defaultConfigurationName = Release;
		};
		D962B12323D1F03200FC5386 /* Build configuration list for PBXNativeTarget "NDImagePickerApp" */ = {
			isa = XCConfigurationList;
			buildConfigurations = (
				D962B12423D1F03200FC5386 /* Debug */,
				D962B12523D1F03200FC5386 /* Release */,
			);
			defaultConfigurationIsVisible = 0;
			defaultConfigurationName = Release;
		};
/* End XCConfigurationList section */
	};
	rootObject = D962B10723D1F03100FC5386 /* Project object */;
}
